
Microsoft Visual Studio Solution File, Format Version 12.00
# Visual Studio 15
VisualStudioVersion = 15.0.26430.14
MinimumVisualStudioVersion = 10.0.40219.1
Project("{9A19103F-16F7-4668-BE54-9A1E7A4F7556}") = "Akka.Persistence.Azure", "src\Akka.Persistence.Azure\Akka.Persistence.Azure.csproj", "{E945AABA-2779-41E8-9B43-8898FFD64F22}"
EndProject
Project("{9A19103F-16F7-4668-BE54-9A1E7A4F7556}") = "Akka.Persistence.Azure.Tests", "src\Akka.Persistence.Azure.Tests\Akka.Persistence.Azure.Tests.csproj", "{0F9B9BC6-9F86-40E8-BA9B-D27BF3AC7970}"
EndProject
Project("{9A19103F-16F7-4668-BE54-9A1E7A4F7556}") = "Akka.Persistence.Azure.Tests.Performance", "src\Akka.Persistence.Azure.Tests.Performance\Akka.Persistence.Azure.Tests.Performance.csproj", "{CAE7CA7C-0D0C-4FDA-BDE9-BE16A27343EF}"
EndProject
Project("{2150E333-8FDC-42A3-9474-1A3956D46DE8}") = "build", "build", "{320BFA6C-930A-4B7F-9FA4-76CDD0F0E552}"
	ProjectSection(SolutionItems) = preProject
		build.cmd = build.cmd
		build.fsx = build.fsx
		build.ps1 = build.ps1
		build.sh = build.sh
	EndProjectSection
EndProject
Project("{FAE04EC0-301F-11D3-BF4B-00C04F79EFBC}") = "Akka.Persistence.Azure.Hosting", "src\Akka.Persistence.Azure.Hosting\Akka.Persistence.Azure.Hosting.csproj", "{64C6B877-9262-456B-8A1C-60C4F272DA19}"
EndProject
Project("{2150E333-8FDC-42A3-9474-1A3956D46DE8}") = "Samples", "Samples", "{34372787-606F-4D85-A24F-534A1E8348E3}"
EndProject
Project("{FAE04EC0-301F-11D3-BF4B-00C04F79EFBC}") = "Akka.Persistence.Azure.Sample.MultiJournal", "src\Akka.Persistence.Azure.Sample.MultiJournal\Akka.Persistence.Azure.Sample.MultiJournal.csproj", "{C79F19DE-30AC-4F1E-A3FA-949276413AB9}"
EndProject
Global
	GlobalSection(SolutionConfigurationPlatforms) = preSolution
		Debug|Any CPU = Debug|Any CPU
		Release|Any CPU = Release|Any CPU
	EndGlobalSection
	GlobalSection(ProjectConfigurationPlatforms) = postSolution
		{E945AABA-2779-41E8-9B43-8898FFD64F22}.Debug|Any CPU.ActiveCfg = Debug|Any CPU
		{E945AABA-2779-41E8-9B43-8898FFD64F22}.Debug|Any CPU.Build.0 = Debug|Any CPU
		{E945AABA-2779-41E8-9B43-8898FFD64F22}.Release|Any CPU.ActiveCfg = Release|Any CPU
		{E945AABA-2779-41E8-9B43-8898FFD64F22}.Release|Any CPU.Build.0 = Release|Any CPU
		{0F9B9BC6-9F86-40E8-BA9B-D27BF3AC7970}.Debug|Any CPU.ActiveCfg = Debug|Any CPU
		{0F9B9BC6-9F86-40E8-BA9B-D27BF3AC7970}.Debug|Any CPU.Build.0 = Debug|Any CPU
		{0F9B9BC6-9F86-40E8-BA9B-D27BF3AC7970}.Release|Any CPU.ActiveCfg = Release|Any CPU
		{0F9B9BC6-9F86-40E8-BA9B-D27BF3AC7970}.Release|Any CPU.Build.0 = Release|Any CPU
		{CAE7CA7C-0D0C-4FDA-BDE9-BE16A27343EF}.Debug|Any CPU.ActiveCfg = Debug|Any CPU
		{CAE7CA7C-0D0C-4FDA-BDE9-BE16A27343EF}.Debug|Any CPU.Build.0 = Debug|Any CPU
		{CAE7CA7C-0D0C-4FDA-BDE9-BE16A27343EF}.Release|Any CPU.ActiveCfg = Release|Any CPU
		{CAE7CA7C-0D0C-4FDA-BDE9-BE16A27343EF}.Release|Any CPU.Build.0 = Release|Any CPU
		{FE4C3232-1DB9-40E5-B0BE-BD70ACB4C1F3}.Debug|Any CPU.ActiveCfg = Debug|Any CPU
		{FE4C3232-1DB9-40E5-B0BE-BD70ACB4C1F3}.Debug|Any CPU.Build.0 = Debug|Any CPU
		{FE4C3232-1DB9-40E5-B0BE-BD70ACB4C1F3}.Release|Any CPU.ActiveCfg = Release|Any CPU
		{FE4C3232-1DB9-40E5-B0BE-BD70ACB4C1F3}.Release|Any CPU.Build.0 = Release|Any CPU
		{64C6B877-9262-456B-8A1C-60C4F272DA19}.Debug|Any CPU.ActiveCfg = Debug|Any CPU
		{64C6B877-9262-456B-8A1C-60C4F272DA19}.Debug|Any CPU.Build.0 = Debug|Any CPU
		{64C6B877-9262-456B-8A1C-60C4F272DA19}.Release|Any CPU.ActiveCfg = Release|Any CPU
		{64C6B877-9262-456B-8A1C-60C4F272DA19}.Release|Any CPU.Build.0 = Release|Any CPU
		{C79F19DE-30AC-4F1E-A3FA-949276413AB9}.Debug|Any CPU.ActiveCfg = Debug|Any CPU
		{C79F19DE-30AC-4F1E-A3FA-949276413AB9}.Debug|Any CPU.Build.0 = Debug|Any CPU
		{C79F19DE-30AC-4F1E-A3FA-949276413AB9}.Release|Any CPU.ActiveCfg = Release|Any CPU
		{C79F19DE-30AC-4F1E-A3FA-949276413AB9}.Release|Any CPU.Build.0 = Release|Any CPU
	EndGlobalSection
	GlobalSection(SolutionProperties) = preSolution
		HideSolutionNode = FALSE
	EndGlobalSection
	GlobalSection(ExtensibilityGlobals) = postSolution
		SolutionGuid = {A2D867B3-6A2B-46B6-B249-81408CFD7A50}
	EndGlobalSection
	GlobalSection(NestedProjects) = preSolution
		{C79F19DE-30AC-4F1E-A3FA-949276413AB9} = {34372787-606F-4D85-A24F-534A1E8348E3}
	EndGlobalSection
EndGlobal
